{
  "name": "MwdNodeProject",
  "version": "1.0.0",
  "dependencies": {
    "mssql": {
      "version": "2.1.1",
      "from": "mssql@*",
      "resolved": "https://registry.npmjs.org/mssql/-/mssql-2.1.1.tgz",
      "dependencies": {
        "tedious": {
          "version": "1.10.0",
          "from": "tedious@>=1.10.0 <2.0.0",
          "resolved": "https://registry.npmjs.org/tedious/-/tedious-1.10.0.tgz",
          "dependencies": {
            "big-number": {
              "version": "0.3.1",
              "from": "big-number@0.3.1",
              "resolved": "https://registry.npmjs.org/big-number/-/big-number-0.3.1.tgz"
            },
            "iconv-lite": {
              "version": "0.4.7",
              "from": "iconv-lite@0.4.7",
              "resolved": "https://registry.npmjs.org/iconv-lite/-/iconv-lite-0.4.7.tgz"
            },
            "sprintf": {
              "version": "0.1.5",
              "from": "sprintf@0.1.5",
              "resolved": "https://registry.npmjs.org/sprintf/-/sprintf-0.1.5.tgz"
            }
          }
        },
        "generic-pool": {
          "version": "2.1.1",
          "from": "generic-pool@>=2.1.1 <3.0.0",
          "resolved": "https://registry.npmjs.org/generic-pool/-/generic-pool-2.1.1.tgz"
        },
        "promise": {
          "version": "6.1.0",
          "from": "promise@>=6.1.0 <7.0.0",
          "resolved": "https://registry.npmjs.org/promise/-/promise-6.1.0.tgz",
          "dependencies": {
            "asap": {
              "version": "1.0.0",
              "from": "asap@>=1.0.0 <1.1.0",
              "resolved": "https://registry.npmjs.org/asap/-/asap-1.0.0.tgz"
            }
          }
        }
      }
    },
    "total.js": {
      "version": "1.7.2",
      "from": "total.js"
    }
  }
}
